
Microsoft Visual Studio Solution File, Format Version 12.00
# Visual Studio Version 17
VisualStudioVersion = 17.12.36106.13
MinimumVisualStudioVersion = 10.0.40219.1
Project("{2150E333-8FDC-42A3-9474-1A3956D46DE8}") = "services", "services", "{45707C09-97E6-450F-8B41-BBA8C8660F03}"
EndProject
Project("{2150E333-8FDC-42A3-9474-1A3956D46DE8}") = "catalog", "catalog", "{2CADF0F3-2631-44B9-B10E-F6485603DEBB}"
EndProject
Project("{FAE04EC0-301F-11D3-BF4B-00C04F79EFBC}") = "eshop.catalog.api", "services\catalog\eshop.catalog.api\eshop.catalog.api.csproj", "{B850B8AF-326E-4B75-9B02-ACB90E0B46BE}"
EndProject
Project("{2150E333-8FDC-42A3-9474-1A3956D46DE8}") = "buildingBlocks", "buildingBlocks", "{46ABA3D2-DF17-4798-9B57-0A3AA04E9108}"
EndProject
Project("{FAE04EC0-301F-11D3-BF4B-00C04F79EFBC}") = "eshop.buildingblocks", "buildingblocks\eshop.buildingblocks\eshop.buildingblocks.csproj", "{73D01DC9-778A-48DD-AF18-00FD9698DB96}"
EndProject
Project("{E53339B2-1760-4266-BCC7-CA923CBCF16C}") = "docker-compose", "docker-compose.dcproj", "{05165DA9-DFB7-4870-9ED6-4EED49ECA536}"
EndProject
Project("{FAE04EC0-301F-11D3-BF4B-00C04F79EFBC}") = "Eshop.Basket.Api", "services\basket\Eshop.Basket.Api\Eshop.Basket.Api.csproj", "{BF9EE0B4-798B-473E-95A1-C5D5D9304B11}"
EndProject
Project("{2150E333-8FDC-42A3-9474-1A3956D46DE8}") = "basket", "basket", "{C795310A-A4E3-4D2F-9EA9-C4492DA18B2D}"
EndProject
Project("{2150E333-8FDC-42A3-9474-1A3956D46DE8}") = "discount", "discount", "{C4343B3D-810A-42D0-B1E0-6B16A8DED785}"
EndProject
Project("{FAE04EC0-301F-11D3-BF4B-00C04F79EFBC}") = "Eshop.Discount.Grpc", "services\discount\Eshop.Discount.Grpc\Eshop.Discount.Grpc.csproj", "{9450A7CD-93CD-43DC-A6DF-E8C1590B8267}"
EndProject
Project("{2150E333-8FDC-42A3-9474-1A3956D46DE8}") = "ordering", "ordering", "{111EBEEC-266E-4FA6-B01C-C482448D9090}"
EndProject
Project("{FAE04EC0-301F-11D3-BF4B-00C04F79EFBC}") = "Eshop.Ordering.Api", "services\ordering\Eshop.Ordering.Api\Eshop.Ordering.Api.csproj", "{3E59CA6D-AC07-4FC6-86AE-490CB9D4201B}"
EndProject
Global
	GlobalSection(SolutionConfigurationPlatforms) = preSolution
		Debug|Any CPU = Debug|Any CPU
		Release|Any CPU = Release|Any CPU
	EndGlobalSection
	GlobalSection(ProjectConfigurationPlatforms) = postSolution
		{B850B8AF-326E-4B75-9B02-ACB90E0B46BE}.Debug|Any CPU.ActiveCfg = Debug|Any CPU
		{B850B8AF-326E-4B75-9B02-ACB90E0B46BE}.Debug|Any CPU.Build.0 = Debug|Any CPU
		{B850B8AF-326E-4B75-9B02-ACB90E0B46BE}.Release|Any CPU.ActiveCfg = Release|Any CPU
		{B850B8AF-326E-4B75-9B02-ACB90E0B46BE}.Release|Any CPU.Build.0 = Release|Any CPU
		{73D01DC9-778A-48DD-AF18-00FD9698DB96}.Debug|Any CPU.ActiveCfg = Debug|Any CPU
		{73D01DC9-778A-48DD-AF18-00FD9698DB96}.Debug|Any CPU.Build.0 = Debug|Any CPU
		{73D01DC9-778A-48DD-AF18-00FD9698DB96}.Release|Any CPU.ActiveCfg = Release|Any CPU
		{73D01DC9-778A-48DD-AF18-00FD9698DB96}.Release|Any CPU.Build.0 = Release|Any CPU
		{05165DA9-DFB7-4870-9ED6-4EED49ECA536}.Debug|Any CPU.ActiveCfg = Debug|Any CPU
		{05165DA9-DFB7-4870-9ED6-4EED49ECA536}.Debug|Any CPU.Build.0 = Debug|Any CPU
		{05165DA9-DFB7-4870-9ED6-4EED49ECA536}.Release|Any CPU.ActiveCfg = Release|Any CPU
		{05165DA9-DFB7-4870-9ED6-4EED49ECA536}.Release|Any CPU.Build.0 = Release|Any CPU
		{BF9EE0B4-798B-473E-95A1-C5D5D9304B11}.Debug|Any CPU.ActiveCfg = Debug|Any CPU
		{BF9EE0B4-798B-473E-95A1-C5D5D9304B11}.Debug|Any CPU.Build.0 = Debug|Any CPU
		{BF9EE0B4-798B-473E-95A1-C5D5D9304B11}.Release|Any CPU.ActiveCfg = Release|Any CPU
		{BF9EE0B4-798B-473E-95A1-C5D5D9304B11}.Release|Any CPU.Build.0 = Release|Any CPU
		{9450A7CD-93CD-43DC-A6DF-E8C1590B8267}.Debug|Any CPU.ActiveCfg = Debug|Any CPU
		{9450A7CD-93CD-43DC-A6DF-E8C1590B8267}.Debug|Any CPU.Build.0 = Debug|Any CPU
		{9450A7CD-93CD-43DC-A6DF-E8C1590B8267}.Release|Any CPU.ActiveCfg = Release|Any CPU
		{9450A7CD-93CD-43DC-A6DF-E8C1590B8267}.Release|Any CPU.Build.0 = Release|Any CPU
		{3E59CA6D-AC07-4FC6-86AE-490CB9D4201B}.Debug|Any CPU.ActiveCfg = Debug|Any CPU
		{3E59CA6D-AC07-4FC6-86AE-490CB9D4201B}.Debug|Any CPU.Build.0 = Debug|Any CPU
		{3E59CA6D-AC07-4FC6-86AE-490CB9D4201B}.Release|Any CPU.ActiveCfg = Release|Any CPU
		{3E59CA6D-AC07-4FC6-86AE-490CB9D4201B}.Release|Any CPU.Build.0 = Release|Any CPU
	EndGlobalSection
	GlobalSection(SolutionProperties) = preSolution
		HideSolutionNode = FALSE
	EndGlobalSection
	GlobalSection(NestedProjects) = preSolution
		{2CADF0F3-2631-44B9-B10E-F6485603DEBB} = {45707C09-97E6-450F-8B41-BBA8C8660F03}
		{B850B8AF-326E-4B75-9B02-ACB90E0B46BE} = {2CADF0F3-2631-44B9-B10E-F6485603DEBB}
		{73D01DC9-778A-48DD-AF18-00FD9698DB96} = {46ABA3D2-DF17-4798-9B57-0A3AA04E9108}
		{BF9EE0B4-798B-473E-95A1-C5D5D9304B11} = {C795310A-A4E3-4D2F-9EA9-C4492DA18B2D}
		{C795310A-A4E3-4D2F-9EA9-C4492DA18B2D} = {45707C09-97E6-450F-8B41-BBA8C8660F03}
		{C4343B3D-810A-42D0-B1E0-6B16A8DED785} = {45707C09-97E6-450F-8B41-BBA8C8660F03}
		{9450A7CD-93CD-43DC-A6DF-E8C1590B8267} = {C4343B3D-810A-42D0-B1E0-6B16A8DED785}
		{111EBEEC-266E-4FA6-B01C-C482448D9090} = {45707C09-97E6-450F-8B41-BBA8C8660F03}
		{3E59CA6D-AC07-4FC6-86AE-490CB9D4201B} = {111EBEEC-266E-4FA6-B01C-C482448D9090}
	EndGlobalSection
EndGlobal
